
Microsoft Visual Studio Solution File, Format Version 12.00
# Visual Studio 14
VisualStudioVersion = 14.0.23107.0
MinimumVisualStudioVersion = 10.0.40219.1
Project("{FAE04EC0-301F-11D3-BF4B-00C04F79EFBC}") = "DiscordStatusUpdater", "DiscordStatusUpdater\DiscordStatusUpdater.csproj", "{71A63625-F1AB-4FB5-9BE8-85318E92A87C}"
EndProject
Global
	GlobalSection(SolutionConfigurationPlatforms) = preSolution
		Debug|Any CPU = Debug|Any CPU
		Release|Any CPU = Release|Any CPU
		TestResponses|Any CPU = TestResponses|Any CPU
	EndGlobalSection
	GlobalSection(ProjectConfigurationPlatforms) = postSolution
		{71A63625-F1AB-4FB5-9BE8-85318E92A87C}.Debug|Any CPU.ActiveCfg = Debug|Any CPU
		{71A63625-F1AB-4FB5-9BE8-85318E92A87C}.Debug|Any CPU.Build.0 = Debug|Any CPU
		{71A63625-F1AB-4FB5-9BE8-85318E92A87C}.Release|Any CPU.ActiveCfg = Release|Any CPU
		{71A63625-F1AB-4FB5-9BE8-85318E92A87C}.Release|Any CPU.Build.0 = Release|Any CPU
		{71A63625-F1AB-4FB5-9BE8-85318E92A87C}.TestResponses|Any CPU.ActiveCfg = Release|Any CPU
		{71A63625-F1AB-4FB5-9BE8-85318E92A87C}.TestResponses|Any CPU.Build.0 = Release|Any CPU
	EndGlobalSection
	GlobalSection(SolutionProperties) = preSolution
		HideSolutionNode = FALSE
	EndGlobalSection
EndGlobal
